# THIS IS AN AUTOGENERATED FILE. DO NOT EDIT THIS FILE DIRECTLY.
# yarn lockfile v1


"@alicloud/dybaseapi@^1.0.0":
  version "1.0.0"
  resolved "https://registry.npmjs.org/@alicloud/dybaseapi/-/dybaseapi-1.0.0.tgz#552edd0990f90dbd69d40237cdfeffc366d0a1f5"
  dependencies:
    "@alicloud/pop-core" "^1.3.3"

"@alicloud/dysmsapi-2017-05-25@^1.0.1":
  version "1.0.1"
  resolved "https://registry.npmjs.org/@alicloud/dysmsapi-2017-05-25/-/dysmsapi-2017-05-25-1.0.1.tgz#a8ab694dbe105eb9d67cbd1e37357f6a0f8487d5"
  dependencies:
    "@alicloud/pop-core" "^1.5.1"

"@alicloud/mns@^1.0.0-beta6":
  version "1.0.0-beta8"
  resolved "https://registry.npmjs.org/@alicloud/mns/-/mns-1.0.0-beta8.tgz#2ab2e83097641ab0ce86d14ed7c5cd31b8347523"
  dependencies:
    debug "^2.6.3"
    httpx "^2.1.1"
    kitx "^1.2.0"
    xml2js "^0.4.17"

"@alicloud/pop-core@^1.3.3", "@alicloud/pop-core@^1.5.1":
  version "1.5.1"
  resolved "https://registry.npmjs.org/@alicloud/pop-core/-/pop-core-1.5.1.tgz#a2d1a46cdf2cda0149657a9091323ba1465d87b0"
  dependencies:
    httpx "^2.1.2"
    json-bigint "^0.2.3"
    kitx "^1.2.1"
    xml2js "^0.4.17"

"@alicloud/sms-sdk@^1.0.9":
  version "1.0.9"
  resolved "https://registry.npmjs.org/@alicloud/sms-sdk/-/sms-sdk-1.0.9.tgz#22d0907b498a19d0b4beb7771008099b0b274690"
  dependencies:
    "@alicloud/dybaseapi" "^1.0.0"
    "@alicloud/dysmsapi-2017-05-25" "^1.0.1"
    "@alicloud/mns" "^1.0.0-beta6"

bignumber.js@^4.0.0:
  version "4.1.0"
  resolved "https://registry.npmjs.org/bignumber.js/-/bignumber.js-4.1.0.tgz#db6f14067c140bd46624815a7916c92d9b6c24b1"

debug@^2.2.0, debug@^2.6.3:
  version "2.6.9"
  resolved "https://registry.npmjs.org/debug/-/debug-2.6.9.tgz#5d128515df134ff327e90a4c93f4e077a536341f"
  dependencies:
    ms "2.0.0"

httpx@^2.1.1, httpx@^2.1.2:
  version "2.1.2"
  resolved "https://registry.npmjs.org/httpx/-/httpx-2.1.2.tgz#59aec158ad68df0aad368a729b25f22a8dbfb114"
  dependencies:
    debug "^2.2.0"

json-bigint@^0.2.3:
  version "0.2.3"
  resolved "https://registry.npmjs.org/json-bigint/-/json-bigint-0.2.3.tgz#118d7f6ff1d38659f19f94cf73e64a75a3f988a8"
  dependencies:
    bignumber.js "^4.0.0"

kitx@^1.2.0, kitx@^1.2.1:
  version "1.3.0"
  resolved "https://registry.npmjs.org/kitx/-/kitx-1.3.0.tgz#ab3ee7c598d2b1d629fd55568f868c4440c200ea"

ms@2.0.0:
  version "2.0.0"
  resolved "https://registry.npmjs.org/ms/-/ms-2.0.0.tgz#5608aeadfc00be6c2901df5f9861788de0d597c8"

sax@>=0.6.0:
  version "1.2.4"
  resolved "https://registry.npmjs.org/sax/-/sax-1.2.4.tgz#2816234e2378bddc4e5354fab5caa895df7100d9"

xml2js@^0.4.17:
  version "0.4.19"
  resolved "https://registry.npmjs.org/xml2js/-/xml2js-0.4.19.tgz#686c20f213209e94abf0d1bcf1efaa291c7827a7"
  dependencies:
    sax ">=0.6.0"
    xmlbuilder "~9.0.1"

xmlbuilder@~9.0.1:
  version "9.0.7"
  resolved "https://registry.npmjs.org/xmlbuilder/-/xmlbuilder-9.0.7.tgz#132ee63d2ec5565c557e20f4c22df9aca686b10d"
